
Microsoft Visual Studio Solution File, Format Version 11.00
# Visual Studio 2010
Project("{FAE04EC0-301F-11D3-BF4B-00C04F79EFBC}") = "MsnHistoryCore", "MSNHistoryCore\MsnHistoryCore.csproj", "{3D5C7DEC-5917-4BE5-9C4B-6F31E82037CA}"
EndProject
Project("{FAE04EC0-301F-11D3-BF4B-00C04F79EFBC}") = "MsnHistoryCoreTest", "MSNHistoryCoreTest\MsnHistoryCoreTest.csproj", "{7E8F0063-753E-44CA-BE63-B5B566B67A61}"
EndProject
Project("{FAE04EC0-301F-11D3-BF4B-00C04F79EFBC}") = "CombinerConsole", "CombinerConsole\CombinerConsole.csproj", "{4CB70ACC-E22B-4FD7-AF18-C7D876AE5ACB}"
EndProject
Global
	GlobalSection(SolutionConfigurationPlatforms) = preSolution
		Debug|Any CPU = Debug|Any CPU
		Debug|Mixed Platforms = Debug|Mixed Platforms
		Debug|x86 = Debug|x86
		Release|Any CPU = Release|Any CPU
		Release|Mixed Platforms = Release|Mixed Platforms
		Release|x86 = Release|x86
	EndGlobalSection
	GlobalSection(ProjectConfigurationPlatforms) = postSolution
		{3D5C7DEC-5917-4BE5-9C4B-6F31E82037CA}.Debug|Any CPU.ActiveCfg = Debug|Any CPU
		{3D5C7DEC-5917-4BE5-9C4B-6F31E82037CA}.Debug|Any CPU.Build.0 = Debug|Any CPU
		{3D5C7DEC-5917-4BE5-9C4B-6F31E82037CA}.Debug|Mixed Platforms.ActiveCfg = Debug|Any CPU
		{3D5C7DEC-5917-4BE5-9C4B-6F31E82037CA}.Debug|Mixed Platforms.Build.0 = Debug|Any CPU
		{3D5C7DEC-5917-4BE5-9C4B-6F31E82037CA}.Debug|x86.ActiveCfg = Debug|Any CPU
		{3D5C7DEC-5917-4BE5-9C4B-6F31E82037CA}.Release|Any CPU.ActiveCfg = Release|Any CPU
		{3D5C7DEC-5917-4BE5-9C4B-6F31E82037CA}.Release|Any CPU.Build.0 = Release|Any CPU
		{3D5C7DEC-5917-4BE5-9C4B-6F31E82037CA}.Release|Mixed Platforms.ActiveCfg = Release|Any CPU
		{3D5C7DEC-5917-4BE5-9C4B-6F31E82037CA}.Release|Mixed Platforms.Build.0 = Release|Any CPU
		{3D5C7DEC-5917-4BE5-9C4B-6F31E82037CA}.Release|x86.ActiveCfg = Release|Any CPU
		{7E8F0063-753E-44CA-BE63-B5B566B67A61}.Debug|Any CPU.ActiveCfg = Debug|Any CPU
		{7E8F0063-753E-44CA-BE63-B5B566B67A61}.Debug|Any CPU.Build.0 = Debug|Any CPU
		{7E8F0063-753E-44CA-BE63-B5B566B67A61}.Debug|Mixed Platforms.ActiveCfg = Debug|Any CPU
		{7E8F0063-753E-44CA-BE63-B5B566B67A61}.Debug|Mixed Platforms.Build.0 = Debug|Any CPU
		{7E8F0063-753E-44CA-BE63-B5B566B67A61}.Debug|x86.ActiveCfg = Debug|Any CPU
		{7E8F0063-753E-44CA-BE63-B5B566B67A61}.Release|Any CPU.ActiveCfg = Release|Any CPU
		{7E8F0063-753E-44CA-BE63-B5B566B67A61}.Release|Any CPU.Build.0 = Release|Any CPU
		{7E8F0063-753E-44CA-BE63-B5B566B67A61}.Release|Mixed Platforms.ActiveCfg = Release|Any CPU
		{7E8F0063-753E-44CA-BE63-B5B566B67A61}.Release|Mixed Platforms.Build.0 = Release|Any CPU
		{7E8F0063-753E-44CA-BE63-B5B566B67A61}.Release|x86.ActiveCfg = Release|Any CPU
		{4CB70ACC-E22B-4FD7-AF18-C7D876AE5ACB}.Debug|Any CPU.ActiveCfg = Debug|x86
		{4CB70ACC-E22B-4FD7-AF18-C7D876AE5ACB}.Debug|Mixed Platforms.ActiveCfg = Debug|x86
		{4CB70ACC-E22B-4FD7-AF18-C7D876AE5ACB}.Debug|Mixed Platforms.Build.0 = Debug|x86
		{4CB70ACC-E22B-4FD7-AF18-C7D876AE5ACB}.Debug|x86.ActiveCfg = Debug|x86
		{4CB70ACC-E22B-4FD7-AF18-C7D876AE5ACB}.Debug|x86.Build.0 = Debug|x86
		{4CB70ACC-E22B-4FD7-AF18-C7D876AE5ACB}.Release|Any CPU.ActiveCfg = Release|x86
		{4CB70ACC-E22B-4FD7-AF18-C7D876AE5ACB}.Release|Mixed Platforms.ActiveCfg = Release|x86
		{4CB70ACC-E22B-4FD7-AF18-C7D876AE5ACB}.Release|Mixed Platforms.Build.0 = Release|x86
		{4CB70ACC-E22B-4FD7-AF18-C7D876AE5ACB}.Release|x86.ActiveCfg = Release|x86
		{4CB70ACC-E22B-4FD7-AF18-C7D876AE5ACB}.Release|x86.Build.0 = Release|x86
	EndGlobalSection
	GlobalSection(SolutionProperties) = preSolution
		HideSolutionNode = FALSE
	EndGlobalSection
EndGlobal
